
Microsoft Visual Studio Solution File, Format Version 12.00
# Visual Studio Version 17
VisualStudioVersion = 17.3.32922.545
MinimumVisualStudioVersion = 10.0.40219.1
Project("{9A19103F-16F7-4668-BE54-9A1E7A4F7556}") = "ScheduleDemo(Roles-Data)", "ScheduleDemo(Roles-Data)\ScheduleDemo(Roles-Data).csproj", "{FF594505-7D4D-4485-B94D-3B7FAED8B704}"
EndProject
Project("{FAE04EC0-301F-11D3-BF4B-00C04F79EFBC}") = "ModuleManagement", "..\ModuleManagement\ModuleManagement\ModuleManagement.csproj", "{E9BF124F-9F59-409E-8808-BB22A45EA791}"
EndProject
Global
	GlobalSection(SolutionConfigurationPlatforms) = preSolution
		Debug|Any CPU = Debug|Any CPU
		Release|Any CPU = Release|Any CPU
	EndGlobalSection
	GlobalSection(ProjectConfigurationPlatforms) = postSolution
		{FF594505-7D4D-4485-B94D-3B7FAED8B704}.Debug|Any CPU.ActiveCfg = Debug|Any CPU
		{FF594505-7D4D-4485-B94D-3B7FAED8B704}.Debug|Any CPU.Build.0 = Debug|Any CPU
		{FF594505-7D4D-4485-B94D-3B7FAED8B704}.Release|Any CPU.ActiveCfg = Release|Any CPU
		{FF594505-7D4D-4485-B94D-3B7FAED8B704}.Release|Any CPU.Build.0 = Release|Any CPU
		{E9BF124F-9F59-409E-8808-BB22A45EA791}.Debug|Any CPU.ActiveCfg = Debug|Any CPU
		{E9BF124F-9F59-409E-8808-BB22A45EA791}.Debug|Any CPU.Build.0 = Debug|Any CPU
		{E9BF124F-9F59-409E-8808-BB22A45EA791}.Release|Any CPU.ActiveCfg = Release|Any CPU
		{E9BF124F-9F59-409E-8808-BB22A45EA791}.Release|Any CPU.Build.0 = Release|Any CPU
	EndGlobalSection
	GlobalSection(SolutionProperties) = preSolution
		HideSolutionNode = FALSE
	EndGlobalSection
	GlobalSection(ExtensibilityGlobals) = postSolution
		SolutionGuid = {CA600A1F-FEB9-4249-A814-50791024CD3C}
	EndGlobalSection
EndGlobal
